# This file is automatically @generated by Cargo.
# It is not intended for manual editing.
[[package]]
name = "arrayvec"
version = "0.5.1"
source = "registry+https://github.com/rust-lang/crates.io-index"

[[package]]
name = "cl-traits"
version = "0.5.0"
dependencies = [
 "arrayvec 0.5.1 (registry+https://github.com/rust-lang/crates.io-index)",
 "cl-traits-derive 0.4.1",
 "serde 1.0.104 (registry+https://github.com/rust-lang/crates.io-index)",
 "smallvec 1.2.0 (registry+https://github.com/rust-lang/crates.io-index)",
 "staticvec 0.8.7 (registry+https://github.com/rust-lang/crates.io-index)",
]

[[package]]
name = "cl-traits-derive"
version = "0.4.1"
dependencies = [
 "proc-macro2 0.4.30 (registry+https://github.com/rust-lang/crates.io-index)",
 "quote 0.6.13 (registry+https://github.com/rust-lang/crates.io-index)",
 "syn 0.15.44 (registry+https://github.com/rust-lang/crates.io-index)",
]

[[package]]
name = "examples"
version = "0.0.0"
dependencies = [
 "cl-traits 0.5.0",
]

[[package]]
name = "proc-macro2"
version = "0.4.30"
source = "registry+https://github.com/rust-lang/crates.io-index"
dependencies = [
 "unicode-xid 0.1.0 (registry+https://github.com/rust-lang/crates.io-index)",
]

[[package]]
name = "quote"
version = "0.6.13"
source = "registry+https://github.com/rust-lang/crates.io-index"
dependencies = [
 "proc-macro2 0.4.30 (registry+https://github.com/rust-lang/crates.io-index)",
]

[[package]]
name = "serde"
version = "1.0.104"
source = "registry+https://github.com/rust-lang/crates.io-index"

[[package]]
name = "smallvec"
version = "1.2.0"
source = "registry+https://github.com/rust-lang/crates.io-index"

[[package]]
name = "staticsort"
version = "0.1.4"
source = "registry+https://github.com/rust-lang/crates.io-index"

[[package]]
name = "staticvec"
version = "0.8.7"
source = "registry+https://github.com/rust-lang/crates.io-index"
dependencies = [
 "staticsort 0.1.4 (registry+https://github.com/rust-lang/crates.io-index)",
]

[[package]]
name = "syn"
version = "0.15.44"
source = "registry+https://github.com/rust-lang/crates.io-index"
dependencies = [
 "proc-macro2 0.4.30 (registry+https://github.com/rust-lang/crates.io-index)",
 "quote 0.6.13 (registry+https://github.com/rust-lang/crates.io-index)",
 "unicode-xid 0.1.0 (registry+https://github.com/rust-lang/crates.io-index)",
]

[[package]]
name = "unicode-xid"
version = "0.1.0"
source = "registry+https://github.com/rust-lang/crates.io-index"

[metadata]
"checksum arrayvec 0.5.1 (registry+https://github.com/rust-lang/crates.io-index)" = "cff77d8686867eceff3105329d4698d96c2391c176d5d03adc90c7389162b5b8"
"checksum proc-macro2 0.4.30 (registry+https://github.com/rust-lang/crates.io-index)" = "cf3d2011ab5c909338f7887f4fc896d35932e29146c12c8d01da6b22a80ba759"
"checksum quote 0.6.13 (registry+https://github.com/rust-lang/crates.io-index)" = "6ce23b6b870e8f94f81fb0a363d65d86675884b34a09043c81e5562f11c1f8e1"
"checksum serde 1.0.104 (registry+https://github.com/rust-lang/crates.io-index)" = "414115f25f818d7dfccec8ee535d76949ae78584fc4f79a6f45a904bf8ab4449"
"checksum smallvec 1.2.0 (registry+https://github.com/rust-lang/crates.io-index)" = "5c2fb2ec9bcd216a5b0d0ccf31ab17b5ed1d627960edff65bbe95d3ce221cefc"
"checksum staticsort 0.1.4 (registry+https://github.com/rust-lang/crates.io-index)" = "c51342c08536c6896456d8cdaba16ec8a607a8b1d5fb6757690bf0d18c5a0ae6"
"checksum staticvec 0.8.7 (registry+https://github.com/rust-lang/crates.io-index)" = "691cc6dd0d869ff39c6d05c2d139ac07579560c4d2e4372a4277a951a1b93fe0"
"checksum syn 0.15.44 (registry+https://github.com/rust-lang/crates.io-index)" = "9ca4b3b69a77cbe1ffc9e198781b7acb0c7365a883670e8f1c1bc66fba79a5c5"
"checksum unicode-xid 0.1.0 (registry+https://github.com/rust-lang/crates.io-index)" = "fc72304796d0818e357ead4e000d19c9c174ab23dc11093ac919054d20a6a7fc"
